
Microsoft Visual Studio Solution File, Format Version 12.00
# Visual Studio Version 16
VisualStudioVersion = 16.0.31624.102
MinimumVisualStudioVersion = 10.0.40219.1
Project("{9A19103F-16F7-4668-BE54-9A1E7A4F7556}") = "UDPMoldProjectListener", "UDPServer_MoldProject\UDPMoldProjectListener.csproj", "{80929731-5281-4C52-988A-60174121248B}"
EndProject
Project("{FAE04EC0-301F-11D3-BF4B-00C04F79EFBC}") = "UDPMoldProjectClassLibrary", "UDPMoldProjectClassLibrary\UDPMoldProjectClassLibrary.csproj", "{211D8E64-37E7-46D9-809B-5143ACF8440C}"
EndProject
Project("{FAE04EC0-301F-11D3-BF4B-00C04F79EFBC}") = "WebAPI_RESTServices", "WebAPI_RESTServices\WebAPI_RESTServices.csproj", "{90E9A98D-6C7A-45F2-8D9C-49D213455838}"
EndProject
Global
	GlobalSection(SolutionConfigurationPlatforms) = preSolution
		Debug|Any CPU = Debug|Any CPU
		Release|Any CPU = Release|Any CPU
	EndGlobalSection
	GlobalSection(ProjectConfigurationPlatforms) = postSolution
		{80929731-5281-4C52-988A-60174121248B}.Debug|Any CPU.ActiveCfg = Debug|Any CPU
		{80929731-5281-4C52-988A-60174121248B}.Debug|Any CPU.Build.0 = Debug|Any CPU
		{80929731-5281-4C52-988A-60174121248B}.Release|Any CPU.ActiveCfg = Release|Any CPU
		{80929731-5281-4C52-988A-60174121248B}.Release|Any CPU.Build.0 = Release|Any CPU
		{211D8E64-37E7-46D9-809B-5143ACF8440C}.Debug|Any CPU.ActiveCfg = Debug|Any CPU
		{211D8E64-37E7-46D9-809B-5143ACF8440C}.Debug|Any CPU.Build.0 = Debug|Any CPU
		{211D8E64-37E7-46D9-809B-5143ACF8440C}.Release|Any CPU.ActiveCfg = Release|Any CPU
		{211D8E64-37E7-46D9-809B-5143ACF8440C}.Release|Any CPU.Build.0 = Release|Any CPU
		{90E9A98D-6C7A-45F2-8D9C-49D213455838}.Debug|Any CPU.ActiveCfg = Debug|Any CPU
		{90E9A98D-6C7A-45F2-8D9C-49D213455838}.Debug|Any CPU.Build.0 = Debug|Any CPU
		{90E9A98D-6C7A-45F2-8D9C-49D213455838}.Release|Any CPU.ActiveCfg = Release|Any CPU
		{90E9A98D-6C7A-45F2-8D9C-49D213455838}.Release|Any CPU.Build.0 = Release|Any CPU
	EndGlobalSection
	GlobalSection(SolutionProperties) = preSolution
		HideSolutionNode = FALSE
	EndGlobalSection
	GlobalSection(ExtensibilityGlobals) = postSolution
		SolutionGuid = {0F2BDEB2-79E8-402C-8892-07B749EA71B8}
	EndGlobalSection
EndGlobal
